
Microsoft Visual Studio Solution File, Format Version 12.00
Project("{FAE04EC0-301F-11D3-BF4B-00C04F79EFBC}") = "HotelBooker.ReservationService.Business", "src\HotelBooker.ReservationService.Business\HotelBooker.ReservationService.Business.csproj", "{122A9364-E5C4-49AE-8D62-651CDD64135C}"
EndProject
Project("{FAE04EC0-301F-11D3-BF4B-00C04F79EFBC}") = "HotelBooker.ReservationService.Data", "src\HotelBooker.ReservationService.Data\HotelBooker.ReservationService.Data.csproj", "{C4C5157F-8377-492D-9187-B928BFF5FD42}"
EndProject
Project("{FAE04EC0-301F-11D3-BF4B-00C04F79EFBC}") = "HotelBooker.ReservationService.Api", "src\HotelBookerReservationService.Api\HotelBooker.ReservationService.Api.csproj", "{D90E8027-AA54-4B56-B8E1-37224F2CBE3F}"
EndProject
Global
	GlobalSection(SolutionConfigurationPlatforms) = preSolution
		Debug|Any CPU = Debug|Any CPU
		Release|Any CPU = Release|Any CPU
	EndGlobalSection
	GlobalSection(ProjectConfigurationPlatforms) = postSolution
		{122A9364-E5C4-49AE-8D62-651CDD64135C}.Debug|Any CPU.ActiveCfg = Debug|Any CPU
		{122A9364-E5C4-49AE-8D62-651CDD64135C}.Debug|Any CPU.Build.0 = Debug|Any CPU
		{122A9364-E5C4-49AE-8D62-651CDD64135C}.Release|Any CPU.ActiveCfg = Release|Any CPU
		{122A9364-E5C4-49AE-8D62-651CDD64135C}.Release|Any CPU.Build.0 = Release|Any CPU
		{C4C5157F-8377-492D-9187-B928BFF5FD42}.Debug|Any CPU.ActiveCfg = Debug|Any CPU
		{C4C5157F-8377-492D-9187-B928BFF5FD42}.Debug|Any CPU.Build.0 = Debug|Any CPU
		{C4C5157F-8377-492D-9187-B928BFF5FD42}.Release|Any CPU.ActiveCfg = Release|Any CPU
		{C4C5157F-8377-492D-9187-B928BFF5FD42}.Release|Any CPU.Build.0 = Release|Any CPU
		{D90E8027-AA54-4B56-B8E1-37224F2CBE3F}.Debug|Any CPU.ActiveCfg = Debug|Any CPU
		{D90E8027-AA54-4B56-B8E1-37224F2CBE3F}.Debug|Any CPU.Build.0 = Debug|Any CPU
		{D90E8027-AA54-4B56-B8E1-37224F2CBE3F}.Release|Any CPU.ActiveCfg = Release|Any CPU
		{D90E8027-AA54-4B56-B8E1-37224F2CBE3F}.Release|Any CPU.Build.0 = Release|Any CPU
	EndGlobalSection
EndGlobal
